<?xml version="1.0" encoding="utf-8"?>
<Project ToolsVersion="4.0" xmlns="http://schemas.microsoft.com/developer/msbuild/2003">
  <ItemGroup>
    <Filter Include="Source Files">
      <UniqueIdentifier>{4FC737F1-C7A5-4376-A066-2A32D752A2FF}</UniqueIdentifier>
      <Extensions>cpp;c;cc;cxx;c++;cppm;ixx;def;odl;idl;hpj;bat;asm;asmx</Extensions>
    </Filter>
    <Filter Include="Header Files">
      <UniqueIdentifier>{93995380-89BD-4b04-88EB-625FBE52EBFB}</UniqueIdentifier>
      <Extensions>h;hh;hpp;hxx;h++;hm;inl;inc;ipp;xsd</Extensions>
    </Filter>
    <Filter Include="Resource Files">
      <UniqueIdentifier>{67DA6AB6-F800-4c08-8B7A-83BB121AAD01}</UniqueIdentifier>
      <Extensions>rc;ico;cur;bmp;dlg;rc2;rct;bin;rgs;gif;jpg;jpeg;jpe;resx;tiff;tif;png;wav;mfcribbon-ms</Extensions>
    </Filter>
  </ItemGroup>
  <ItemGroup>
    <ClInclude Include="..\src\Chapter4\AIState.h">
      <Filter>Header Files</Filter>
    </ClInclude>
    <ClInclude Include="..\src\Chapter4\AIComponent.h">
      <Filter>Header Files</Filter>
    </ClInclude>
    <ClInclude Include="..\src\Chapter4\Component.h">
      <Filter>Header Files</Filter>
    </ClInclude>
    <ClInclude Include="..\src\Chapter4\Actor.h">
      <Filter>Header Files</Filter>
    </ClInclude>
    <ClInclude Include="..\src\Chapter4\Math.h">
      <Filter>Header Files</Filter>
    </ClInclude>
    <ClInclude Include="..\src\Chapter4\Game.h">
      <Filter>Header Files</Filter>
    </ClInclude>
    <ClInclude Include="..\src\Chapter4\Bullet.h">
      <Filter>Header Files</Filter>
    </ClInclude>
    <ClInclude Include="..\src\Chapter4\CircleComponent.h">
      <Filter>Header Files</Filter>
    </ClInclude>
    <ClInclude Include="..\src\Chapter4\MoveComponent.h">
      <Filter>Header Files</Filter>
    </ClInclude>
    <ClInclude Include="..\src\Chapter4\SpriteComponent.h">
      <Filter>Header Files</Filter>
    </ClInclude>
    <ClInclude Include="..\src\Chapter4\Enemy.h">
      <Filter>Header Files</Filter>
    </ClInclude>
    <ClInclude Include="..\src\Chapter4\NavComponent.h">
      <Filter>Header Files</Filter>
    </ClInclude>
    <ClInclude Include="..\src\Chapter4\Tile.h">
      <Filter>Header Files</Filter>
    </ClInclude>
    <ClInclude Include="..\src\Chapter4\Grid.h">
      <Filter>Header Files</Filter>
    </ClInclude>
    <ClInclude Include="..\src\Chapter4\Tower.h">
      <Filter>Header Files</Filter>
    </ClInclude>
  </ItemGroup>
  <ItemGroup>
    <ClCompile Include="..\src\Chapter4\AIState.cpp">
      <Filter>Source Files</Filter>
    </ClCompile>
    <ClCompile Include="..\src\Chapter4\Component.cpp">
      <Filter>Source Files</Filter>
    </ClCompile>
    <ClCompile Include="..\src\Chapter4\Actor.cpp">
      <Filter>Source Files</Filter>
    </ClCompile>
    <ClCompile Include="..\src\Chapter4\Math.cpp">
      <Filter>Source Files</Filter>
    </ClCompile>
    <ClCompile Include="..\src\Chapter4\Game.cpp">
      <Filter>Source Files</Filter>
    </ClCompile>
    <ClCompile Include="..\src\Chapter4\Bullet.cpp">
      <Filter>Source Files</Filter>
    </ClCompile>
    <ClCompile Include="..\src\Chapter4\CircleComponent.cpp">
      <Filter>Source Files</Filter>
    </ClCompile>
    <ClCompile Include="..\src\Chapter4\MoveComponent.cpp">
      <Filter>Source Files</Filter>
    </ClCompile>
    <ClCompile Include="..\src\Chapter4\SpriteComponent.cpp">
      <Filter>Source Files</Filter>
    </ClCompile>
    <ClCompile Include="..\src\Chapter4\Enemy.cpp">
      <Filter>Source Files</Filter>
    </ClCompile>
    <ClCompile Include="..\src\Chapter4\NavComponent.cpp">
      <Filter>Source Files</Filter>
    </ClCompile>
    <ClCompile Include="..\src\Chapter4\Tile.cpp">
      <Filter>Source Files</Filter>
    </ClCompile>
    <ClCompile Include="..\src\Chapter4\Grid.cpp">
      <Filter>Source Files</Filter>
    </ClCompile>
    <ClCompile Include="..\src\Chapter4\Tower.cpp">
      <Filter>Source Files</Filter>
    </ClCompile>
    <ClCompile Include="..\src\Chapter4\Main.cpp">
      <Filter>Source Files</Filter>
    </ClCompile>
    <ClCompile Include="..\src\Chapter4\AIComponent.cpp">
      <Filter>Source Files</Filter>
    </ClCompile>
  </ItemGroup>
</Project>